{
  "version": 4,
  "terraform_version": "1.9.7",
  "serial": 71,
  "lineage": "66ab8b42-551f-cd00-ab21-ff1b930bfba8",
  "outputs": {},
  "resources": [
    {
      "mode": "managed",
      "type": "aws_ecr_repository",
      "name": "flask_app",
      "provider": "provider[\"registry.terraform.io/hashicorp/aws\"]",
      "instances": [
        {
          "schema_version": 0,
          "attributes": {
            "arn": "arn:aws:ecr:us-east-1:007160697038:repository/ecs-flask-app",
            "encryption_configuration": [
              {
                "encryption_type": "AES256",
                "kms_key": ""
              }
            ],
            "force_delete": null,
            "id": "ecs-flask-app",
            "image_scanning_configuration": [
              {
                "scan_on_push": true
              }
            ],
            "image_tag_mutability": "MUTABLE",
            "name": "ecs-flask-app",
            "registry_id": "007160697038",
            "repository_url": "007160697038.dkr.ecr.us-east-1.amazonaws.com/ecs-flask-app",
            "tags": {
              "Environment": "dev",
              "Name": "Flask App ECR"
            },
            "tags_all": {
              "Environment": "dev",
              "Name": "Flask App ECR"
            },
            "timeouts": null
          },
          "sensitive_attributes": [],
          "private": "eyJlMmJmYjczMC1lY2FhLTExZTYtOGY4OC0zNDM2M2JjN2M0YzAiOnsiZGVsZXRlIjoxMjAwMDAwMDAwMDAwfX0="
        }
      ]
    }
  ],
  "check_results": null
}
